# This is a Gradle generated file for dependency locking.
# Manual edits can break the build and are not advised.
# This file is expected to be part of source control.
aopalliance:aopalliance:1.0=annotationProcessor,deploy_jar,errorprone,runtimeClasspath,testAnnotationProcessor,testRuntimeClasspath
args4j:args4j:2.33=deploy_jar,runtimeClasspath,testRuntimeClasspath
com.charleskorn.kaml:kaml:0.20.0=deploy_jar,runtimeClasspath,testRuntimeClasspath
com.fasterxml.jackson.core:jackson-annotations:2.18.2=deploy_jar,runtimeClasspath,testRuntimeClasspath
com.fasterxml.jackson.core:jackson-core:2.18.2=deploy_jar,runtimeClasspath,testRuntimeClasspath
com.fasterxml.jackson.core:jackson-databind:2.18.2=deploy_jar,runtimeClasspath,testRuntimeClasspath
com.fasterxml.jackson.dataformat:jackson-dataformat-toml:2.18.2=deploy_jar,runtimeClasspath,testRuntimeClasspath
com.fasterxml.jackson.dataformat:jackson-dataformat-yaml:2.18.2=deploy_jar,runtimeClasspath,testRuntimeClasspath
com.fasterxml.jackson.datatype:jackson-datatype-joda:2.18.2=deploy_jar,runtimeClasspath,testRuntimeClasspath
com.fasterxml.jackson.datatype:jackson-datatype-jsr310:2.18.2=deploy_jar,runtimeClasspath,testRuntimeClasspath
com.fasterxml.jackson:jackson-bom:2.18.2=deploy_jar,runtimeClasspath,testRuntimeClasspath
com.fasterxml:classmate:1.5.1=deploy_jar,runtimeClasspath,testRuntimeClasspath
com.github.ben-manes.caffeine:caffeine:3.0.5=annotationProcessor,errorprone,testAnnotationProcessor
com.github.ben-manes.caffeine:caffeine:3.1.8=deploy_jar,runtimeClasspath,testRuntimeClasspath
com.github.docker-java:docker-java-api:3.4.0=deploy_jar,runtimeClasspath,testRuntimeClasspath
com.github.docker-java:docker-java-transport-zerodep:3.4.0=deploy_jar,runtimeClasspath,testRuntimeClasspath
com.github.docker-java:docker-java-transport:3.4.0=deploy_jar,runtimeClasspath,testRuntimeClasspath
com.github.jnr:jffi:1.3.13=deploy_jar,runtimeClasspath,testRuntimeClasspath
com.github.jnr:jnr-a64asm:1.0.0=deploy_jar,runtimeClasspath,testRuntimeClasspath
com.github.jnr:jnr-constants:0.10.4=deploy_jar,runtimeClasspath,testRuntimeClasspath
com.github.jnr:jnr-enxio:0.32.17=deploy_jar,runtimeClasspath,testRuntimeClasspath
com.github.jnr:jnr-ffi:2.2.16=deploy_jar,runtimeClasspath,testRuntimeClasspath
com.github.jnr:jnr-posix:3.1.19=deploy_jar,runtimeClasspath,testRuntimeClasspath
com.github.jnr:jnr-unixsocket:0.38.22=deploy_jar,runtimeClasspath,testRuntimeClasspath
com.github.jnr:jnr-x86asm:1.0.2=deploy_jar,runtimeClasspath,testRuntimeClasspath
com.github.kevinstern:software-and-algorithms:1.0=annotationProcessor,errorprone,testAnnotationProcessor
com.google.android:annotations:4.1.1.4=deploy_jar,runtimeClasspath,testRuntimeClasspath
com.google.api-client:google-api-client-jackson2:2.0.1=deploy_jar,runtimeClasspath,testRuntimeClasspath
com.google.api-client:google-api-client-java6:2.1.4=deploy_jar,runtimeClasspath,testRuntimeClasspath
com.google.api-client:google-api-client-servlet:2.7.0=deploy_jar,runtimeClasspath,testRuntimeClasspath
com.google.api-client:google-api-client:2.7.0=deploy_jar,runtimeClasspath,testRuntimeClasspath
com.google.api.grpc:gapic-google-cloud-storage-v2:2.32.1-alpha=deploy_jar,runtimeClasspath,testRuntimeClasspath
com.google.api.grpc:grpc-google-cloud-bigquerystorage-v1:3.9.0=deploy_jar,runtimeClasspath,testRuntimeClasspath
com.google.api.grpc:grpc-google-cloud-bigquerystorage-v1beta1:0.181.0=deploy_jar,runtimeClasspath,testRuntimeClasspath
com.google.api.grpc:grpc-google-cloud-bigquerystorage-v1beta2:0.181.0=deploy_jar,runtimeClasspath,testRuntimeClasspath
com.google.api.grpc:grpc-google-cloud-bigtable-v2:2.43.0=deploy_jar,runtimeClasspath,testRuntimeClasspath
com.google.api.grpc:grpc-google-cloud-pubsub-v1:1.114.1=deploy_jar,runtimeClasspath,testRuntimeClasspath
com.google.api.grpc:grpc-google-cloud-pubsublite-v1:1.14.1=deploy_jar,runtimeClasspath,testRuntimeClasspath
com.google.api.grpc:grpc-google-cloud-spanner-admin-database-v1:6.74.0=deploy_jar,runtimeClasspath,testRuntimeClasspath
com.google.api.grpc:grpc-google-cloud-spanner-admin-instance-v1:6.74.0=deploy_jar,runtimeClasspath,testRuntimeClasspath
com.google.api.grpc:grpc-google-cloud-spanner-v1:6.74.0=deploy_jar,runtimeClasspath,testRuntimeClasspath
com.google.api.grpc:grpc-google-cloud-storage-v2:2.32.1-alpha=deploy_jar,runtimeClasspath,testRuntimeClasspath
com.google.api.grpc:grpc-google-common-protos:2.43.0=deploy_jar,runtimeClasspath,testRuntimeClasspath
com.google.api.grpc:proto-google-cloud-bigquerystorage-v1:3.9.0=deploy_jar,runtimeClasspath,testRuntimeClasspath
com.google.api.grpc:proto-google-cloud-bigquerystorage-v1alpha:3.9.0=deploy_jar,runtimeClasspath,testRuntimeClasspath
com.google.api.grpc:proto-google-cloud-bigquerystorage-v1beta1:0.181.0=deploy_jar,runtimeClasspath,testRuntimeClasspath
com.google.api.grpc:proto-google-cloud-bigquerystorage-v1beta2:0.181.0=deploy_jar,runtimeClasspath,testRuntimeClasspath
com.google.api.grpc:proto-google-cloud-bigtable-admin-v2:2.43.0=deploy_jar,runtimeClasspath,testRuntimeClasspath
com.google.api.grpc:proto-google-cloud-bigtable-v2:2.43.0=deploy_jar,runtimeClasspath,testRuntimeClasspath
com.google.api.grpc:proto-google-cloud-datastore-v1:0.112.2=deploy_jar,runtimeClasspath,testRuntimeClasspath
com.google.api.grpc:proto-google-cloud-firestore-v1:3.25.1=deploy_jar,runtimeClasspath,testRuntimeClasspath
com.google.api.grpc:proto-google-cloud-monitoring-v3:3.49.0=deploy_jar,runtimeClasspath,testRuntimeClasspath
com.google.api.grpc:proto-google-cloud-pubsub-v1:1.114.1=deploy_jar,runtimeClasspath,testRuntimeClasspath
com.google.api.grpc:proto-google-cloud-pubsublite-v1:1.14.1=deploy_jar,runtimeClasspath,testRuntimeClasspath
com.google.api.grpc:proto-google-cloud-secretmanager-v1:2.54.0=deploy_jar,runtimeClasspath,testRuntimeClasspath
com.google.api.grpc:proto-google-cloud-secretmanager-v1beta2:2.54.0=deploy_jar,runtimeClasspath,testRuntimeClasspath
com.google.api.grpc:proto-google-cloud-spanner-admin-database-v1:6.74.0=deploy_jar,runtimeClasspath,testRuntimeClasspath
com.google.api.grpc:proto-google-cloud-spanner-admin-instance-v1:6.74.0=deploy_jar,runtimeClasspath,testRuntimeClasspath
com.google.api.grpc:proto-google-cloud-spanner-executor-v1:6.74.0=deploy_jar,runtimeClasspath,testRuntimeClasspath
com.google.api.grpc:proto-google-cloud-spanner-v1:6.74.0=deploy_jar,runtimeClasspath,testRuntimeClasspath
com.google.api.grpc:proto-google-cloud-storage-v2:2.32.1-alpha=deploy_jar,runtimeClasspath,testRuntimeClasspath
com.google.api.grpc:proto-google-cloud-tasks-v2:2.54.0=deploy_jar,runtimeClasspath,testRuntimeClasspath
com.google.api.grpc:proto-google-cloud-tasks-v2beta2:0.144.0=deploy_jar,runtimeClasspath,testRuntimeClasspath
com.google.api.grpc:proto-google-cloud-tasks-v2beta3:0.144.0=deploy_jar,runtimeClasspath,testRuntimeClasspath
com.google.api.grpc:proto-google-common-protos:2.49.0=deploy_jar,runtimeClasspath,testRuntimeClasspath
com.google.api.grpc:proto-google-iam-v1:1.44.0=deploy_jar,runtimeClasspath,testRuntimeClasspath
com.google.api:api-common:2.41.0=deploy_jar,runtimeClasspath,testRuntimeClasspath
com.google.api:gax-grpc:2.58.0=deploy_jar,runtimeClasspath,testRuntimeClasspath
com.google.api:gax-httpjson:2.58.0=deploy_jar,runtimeClasspath,testRuntimeClasspath
com.google.api:gax:2.58.0=deploy_jar,runtimeClasspath,testRuntimeClasspath
com.google.apis:google-api-services-admin-directory:directory_v1-rev20241126-2.0.0=deploy_jar,runtimeClasspath,testRuntimeClasspath
com.google.apis:google-api-services-bigquery:v2-rev20240815-2.0.0=deploy_jar,runtimeClasspath,testRuntimeClasspath
com.google.apis:google-api-services-cloudresourcemanager:v1-rev20240310-2.0.0=deploy_jar,runtimeClasspath,testRuntimeClasspath
com.google.apis:google-api-services-dataflow:v1b3-rev20241028-2.0.0=deploy_jar,runtimeClasspath,testRuntimeClasspath
com.google.apis:google-api-services-dns:v1-rev20240719-2.0.0=deploy_jar,runtimeClasspath,testRuntimeClasspath
com.google.apis:google-api-services-drive:v3-rev20241027-2.0.0=deploy_jar,runtimeClasspath,testRuntimeClasspath
com.google.apis:google-api-services-gmail:v1-rev20240520-2.0.0=deploy_jar,runtimeClasspath,testRuntimeClasspath
com.google.apis:google-api-services-groupssettings:v1-rev20220614-2.0.0=deploy_jar,runtimeClasspath,testRuntimeClasspath
com.google.apis:google-api-services-healthcare:v1-rev20240130-2.0.0=deploy_jar,runtimeClasspath,testRuntimeClasspath
com.google.apis:google-api-services-iam:v2-rev20240530-2.0.0=deploy_jar,runtimeClasspath,testRuntimeClasspath
com.google.apis:google-api-services-iamcredentials:v1-rev20211203-2.0.0=deploy_jar,runtimeClasspath,testRuntimeClasspath
com.google.apis:google-api-services-monitoring:v3-rev20241017-2.0.0=deploy_jar,runtimeClasspath,testRuntimeClasspath
com.google.apis:google-api-services-pubsub:v1-rev20220904-2.0.0=deploy_jar,runtimeClasspath,testRuntimeClasspath
com.google.apis:google-api-services-sheets:v4-rev20241008-2.0.0=deploy_jar,runtimeClasspath,testRuntimeClasspath
com.google.apis:google-api-services-sqladmin:v1beta4-rev20240925-2.0.0=deploy_jar,runtimeClasspath,testRuntimeClasspath
com.google.apis:google-api-services-storage:v1-rev20240706-2.0.0=deploy_jar,runtimeClasspath,testRuntimeClasspath
com.google.auth:google-auth-library-credentials:1.30.0=deploy_jar,runtimeClasspath,testRuntimeClasspath
com.google.auth:google-auth-library-oauth2-http:1.30.0=deploy_jar,runtimeClasspath,testRuntimeClasspath
com.google.auto.service:auto-service-annotations:1.0.1=annotationProcessor,errorprone,testAnnotationProcessor
com.google.auto.service:auto-service-annotations:1.1.1=deploy_jar,runtimeClasspath,testRuntimeClasspath
com.google.auto.value:auto-value-annotations:1.11.0=deploy_jar,runtimeClasspath,testRuntimeClasspath
com.google.auto.value:auto-value-annotations:1.9=annotationProcessor,errorprone,testAnnotationProcessor
com.google.auto.value:auto-value:1.11.0=deploy_jar,runtimeClasspath,testRuntimeClasspath
com.google.auto:auto-common:1.2.1=annotationProcessor,errorprone,testAnnotationProcessor
com.google.cloud.bigdataoss:gcsio:2.2.16=deploy_jar,runtimeClasspath,testRuntimeClasspath
com.google.cloud.bigdataoss:util:2.2.16=deploy_jar,runtimeClasspath,testRuntimeClasspath
com.google.cloud.bigtable:bigtable-client-core-config:1.28.0=deploy_jar,runtimeClasspath,testRuntimeClasspath
com.google.cloud.datastore:datastore-v1-proto-client:2.21.2=deploy_jar,runtimeClasspath,testRuntimeClasspath
com.google.cloud.opentelemetry:detector-resources-support:0.31.0=deploy_jar,runtimeClasspath,testRuntimeClasspath
com.google.cloud.sql:jdbc-socket-factory-core:1.21.0=deploy_jar,runtimeClasspath,testRuntimeClasspath
com.google.cloud.sql:postgres-socket-factory:1.21.0=deploy_jar,runtimeClasspath,testRuntimeClasspath
com.google.cloud:google-cloud-bigquerystorage:3.9.0=deploy_jar,runtimeClasspath,testRuntimeClasspath
com.google.cloud:google-cloud-bigtable:2.43.0=deploy_jar,runtimeClasspath,testRuntimeClasspath
com.google.cloud:google-cloud-core-grpc:2.42.0=deploy_jar,runtimeClasspath,testRuntimeClasspath
com.google.cloud:google-cloud-core-http:2.31.0=deploy_jar,runtimeClasspath,testRuntimeClasspath
com.google.cloud:google-cloud-core:2.42.0=deploy_jar,runtimeClasspath,testRuntimeClasspath
com.google.cloud:google-cloud-firestore:3.25.1=deploy_jar,runtimeClasspath,testRuntimeClasspath
com.google.cloud:google-cloud-monitoring:3.49.0=deploy_jar,runtimeClasspath,testRuntimeClasspath
com.google.cloud:google-cloud-pubsub:1.132.1=deploy_jar,runtimeClasspath,testRuntimeClasspath
com.google.cloud:google-cloud-pubsublite:1.14.1=deploy_jar,runtimeClasspath,testRuntimeClasspath
com.google.cloud:google-cloud-secretmanager:2.54.0=deploy_jar,runtimeClasspath,testRuntimeClasspath
com.google.cloud:google-cloud-spanner:6.74.0=deploy_jar,runtimeClasspath,testRuntimeClasspath
com.google.cloud:google-cloud-storage:2.32.1=deploy_jar,runtimeClasspath,testRuntimeClasspath
com.google.cloud:google-cloud-tasks:2.54.0=deploy_jar,runtimeClasspath,testRuntimeClasspath
com.google.cloud:grpc-gcp:1.6.1=deploy_jar,runtimeClasspath,testRuntimeClasspath
com.google.cloud:proto-google-cloud-firestore-bundle-v1:3.25.1=deploy_jar,runtimeClasspath,testRuntimeClasspath
com.google.code.findbugs:jsr305:3.0.2=annotationProcessor,checkstyle,deploy_jar,errorprone,runtimeClasspath,testAnnotationProcessor,testRuntimeClasspath
com.google.code.gson:gson:2.11.0=deploy_jar,runtimeClasspath,testRuntimeClasspath
com.google.common.html.types:types:1.0.8=deploy_jar,runtimeClasspath,testRuntimeClasspath
com.google.dagger:dagger:2.51.1=deploy_jar,runtimeClasspath,testRuntimeClasspath
com.google.errorprone:error_prone_annotation:2.23.0=annotationProcessor,errorprone,testAnnotationProcessor
com.google.errorprone:error_prone_annotations:2.23.0=annotationProcessor,errorprone,testAnnotationProcessor
com.google.errorprone:error_prone_annotations:2.35.1=deploy_jar,runtimeClasspath,testRuntimeClasspath
com.google.errorprone:error_prone_annotations:2.7.1=checkstyle
com.google.errorprone:error_prone_check_api:2.23.0=annotationProcessor,errorprone,testAnnotationProcessor
com.google.errorprone:error_prone_core:2.23.0=annotationProcessor,errorprone,testAnnotationProcessor
com.google.errorprone:error_prone_type_annotations:2.23.0=annotationProcessor,errorprone,testAnnotationProcessor
com.google.errorprone:javac:9+181-r4173-1=errorproneJavac
com.google.escapevelocity:escapevelocity:1.1=deploy_jar,runtimeClasspath,testRuntimeClasspath
com.google.flatbuffers:flatbuffers-java:23.5.26=deploy_jar,runtimeClasspath,testRuntimeClasspath
com.google.flogger:flogger-system-backend:0.8=deploy_jar,runtimeClasspath,testRuntimeClasspath
com.google.flogger:flogger:0.8=deploy_jar,runtimeClasspath,testRuntimeClasspath
com.google.flogger:google-extensions:0.8=deploy_jar,runtimeClasspath,testRuntimeClasspath
com.google.guava:failureaccess:1.0.1=annotationProcessor,checkstyle,errorprone,testAnnotationProcessor
com.google.guava:failureaccess:1.0.2=deploy_jar,runtimeClasspath,testRuntimeClasspath
com.google.guava:guava-parent:32.1.1-jre=annotationProcessor,errorprone,testAnnotationProcessor
com.google.guava:guava:31.0.1-jre=checkstyle
com.google.guava:guava:32.1.1-jre=annotationProcessor,errorprone,testAnnotationProcessor
com.google.guava:guava:33.3.1-jre=deploy_jar,runtimeClasspath,testRuntimeClasspath
com.google.guava:listenablefuture:9999.0-empty-to-avoid-conflict-with-guava=checkstyle,deploy_jar,runtimeClasspath,testRuntimeClasspath
com.google.gwt:gwt-user:2.10.0=deploy_jar,runtimeClasspath,testRuntimeClasspath
com.google.http-client:google-http-client-apache-v2:1.45.0=deploy_jar,runtimeClasspath,testRuntimeClasspath
com.google.http-client:google-http-client-appengine:1.43.3=deploy_jar,runtimeClasspath,testRuntimeClasspath
com.google.http-client:google-http-client-gson:1.45.0=deploy_jar,runtimeClasspath,testRuntimeClasspath
com.google.http-client:google-http-client-jackson2:1.43.3=deploy_jar,runtimeClasspath,testRuntimeClasspath
com.google.http-client:google-http-client-protobuf:1.44.2=deploy_jar,runtimeClasspath,testRuntimeClasspath
com.google.http-client:google-http-client:1.45.0=deploy_jar,runtimeClasspath,testRuntimeClasspath
com.google.inject:guice:5.1.0=annotationProcessor,errorprone,testAnnotationProcessor
com.google.inject:guice:7.0.0=deploy_jar,runtimeClasspath,testRuntimeClasspath
com.google.j2objc:j2objc-annotations:1.3=checkstyle
com.google.j2objc:j2objc-annotations:3.0.0=deploy_jar,runtimeClasspath,testRuntimeClasspath
com.google.jsinterop:jsinterop-annotations:2.0.0=deploy_jar,runtimeClasspath,testRuntimeClasspath
com.google.monitoring-client:metrics:1.0.7=deploy_jar,runtimeClasspath,testRuntimeClasspath
com.google.monitoring-client:stackdriver:1.0.7=deploy_jar,runtimeClasspath,testRuntimeClasspath
com.google.oauth-client:google-oauth-client-java6:1.36.0=deploy_jar,runtimeClasspath,testRuntimeClasspath
com.google.oauth-client:google-oauth-client-jetty:1.36.0=deploy_jar,runtimeClasspath,testRuntimeClasspath
com.google.oauth-client:google-oauth-client-servlet:1.36.0=deploy_jar,runtimeClasspath,testRuntimeClasspath
com.google.oauth-client:google-oauth-client:1.36.0=deploy_jar,runtimeClasspath,testRuntimeClasspath
com.google.protobuf:protobuf-java-util:3.25.5=deploy_jar,runtimeClasspath,testRuntimeClasspath
com.google.protobuf:protobuf-java:3.19.6=annotationProcessor,errorprone,testAnnotationProcessor
com.google.protobuf:protobuf-java:3.25.5=deploy_jar,runtimeClasspath,testRuntimeClasspath
com.google.re2j:re2j:1.7=deploy_jar,runtimeClasspath,testRuntimeClasspath
com.google.template:soy:2024-02-26=deploy_jar,runtimeClasspath,testRuntimeClasspath
com.google.truth:truth:1.4.4=deploy_jar,runtimeClasspath,testRuntimeClasspath
com.googlecode.json-simple:json-simple:1.1.1=deploy_jar,runtimeClasspath,testRuntimeClasspath
com.ibm.icu:icu4j:73.2=deploy_jar,runtimeClasspath,testRuntimeClasspath
com.jcraft:jsch:0.1.55=deploy_jar,runtimeClasspath,testRuntimeClasspath
com.lmax:disruptor:3.4.2=deploy_jar,runtimeClasspath,testRuntimeClasspath
com.puppycrawl.tools:checkstyle:9.3=checkstyle
com.squareup.okhttp3:okhttp:4.12.0=deploy_jar,runtimeClasspath,testRuntimeClasspath
com.squareup.okio:okio-bom:3.0.0=deploy_jar,runtimeClasspath,testRuntimeClasspath
com.squareup.okio:okio-fakefilesystem-jvm:3.4.0=deploy_jar,runtimeClasspath,testRuntimeClasspath
com.squareup.okio:okio-fakefilesystem:3.4.0=deploy_jar,runtimeClasspath,testRuntimeClasspath
com.squareup.okio:okio-jvm:3.6.0=deploy_jar,runtimeClasspath,testRuntimeClasspath
com.squareup.okio:okio:3.6.0=deploy_jar,runtimeClasspath,testRuntimeClasspath
com.squareup.wire:wire-compiler:4.5.0=deploy_jar,runtimeClasspath,testRuntimeClasspath
com.squareup.wire:wire-grpc-server-generator:4.5.0=deploy_jar,runtimeClasspath,testRuntimeClasspath
com.squareup.wire:wire-grpc-server:4.5.0=deploy_jar,runtimeClasspath,testRuntimeClasspath
com.squareup.wire:wire-java-generator:4.5.0=deploy_jar,runtimeClasspath,testRuntimeClasspath
com.squareup.wire:wire-kotlin-generator:4.5.0=deploy_jar,runtimeClasspath,testRuntimeClasspath
com.squareup.wire:wire-runtime-jvm:4.9.3=deploy_jar,runtimeClasspath,testRuntimeClasspath
com.squareup.wire:wire-runtime:4.9.3=deploy_jar,runtimeClasspath,testRuntimeClasspath
com.squareup.wire:wire-schema-jvm:4.9.3=deploy_jar,runtimeClasspath,testRuntimeClasspath
com.squareup.wire:wire-schema:4.8.0=deploy_jar,runtimeClasspath,testRuntimeClasspath
com.squareup.wire:wire-swift-generator:4.5.0=deploy_jar,runtimeClasspath,testRuntimeClasspath
com.squareup:javapoet:1.13.0=deploy_jar,runtimeClasspath,testRuntimeClasspath
com.squareup:kotlinpoet-jvm:1.15.1=deploy_jar,runtimeClasspath,testRuntimeClasspath
com.squareup:kotlinpoet:1.15.1=deploy_jar,runtimeClasspath,testRuntimeClasspath
com.sun.istack:istack-commons-runtime:4.1.1=deploy_jar,runtimeClasspath,testRuntimeClasspath
com.zaxxer:HikariCP:6.2.1=deploy_jar,runtimeClasspath,testRuntimeClasspath
commons-beanutils:commons-beanutils:1.9.4=checkstyle
commons-codec:commons-codec:1.17.1=deploy_jar,runtimeClasspath,testRuntimeClasspath
commons-collections:commons-collections:3.2.2=checkstyle
commons-dbutils:commons-dbutils:1.8.1=deploy_jar,runtimeClasspath,testRuntimeClasspath
commons-io:commons-io:2.17.0=deploy_jar,runtimeClasspath,testRuntimeClasspath
commons-logging:commons-logging:1.2=deploy_jar,runtimeClasspath,testRuntimeClasspath
dnsjava:dnsjava:3.6.2=deploy_jar,runtimeClasspath,testRuntimeClasspath
info.picocli:picocli:4.6.2=checkstyle
io.apicurio:apicurio-registry-protobuf-schema-utilities:3.0.0.M2=deploy_jar,runtimeClasspath,testRuntimeClasspath
io.github.classgraph:classgraph:4.8.162=deploy_jar,runtimeClasspath,testRuntimeClasspath
io.github.eisop:dataflow-errorprone:3.34.0-eisop1=annotationProcessor,errorprone,testAnnotationProcessor
io.github.java-diff-utils:java-diff-utils:4.12=annotationProcessor,errorprone,testAnnotationProcessor
io.github.java-diff-utils:java-diff-utils:4.15=deploy_jar,runtimeClasspath,testRuntimeClasspath
io.grpc:grpc-alts:1.68.1=deploy_jar,runtimeClasspath,testRuntimeClasspath
io.grpc:grpc-api:1.68.1=deploy_jar,runtimeClasspath,testRuntimeClasspath
io.grpc:grpc-auth:1.68.1=deploy_jar,runtimeClasspath,testRuntimeClasspath
io.grpc:grpc-census:1.66.0=deploy_jar,runtimeClasspath,testRuntimeClasspath
io.grpc:grpc-context:1.68.1=deploy_jar,runtimeClasspath,testRuntimeClasspath
io.grpc:grpc-core:1.68.1=deploy_jar,runtimeClasspath,testRuntimeClasspath
io.grpc:grpc-googleapis:1.68.1=deploy_jar,runtimeClasspath,testRuntimeClasspath
io.grpc:grpc-grpclb:1.68.1=deploy_jar,runtimeClasspath,testRuntimeClasspath
io.grpc:grpc-inprocess:1.68.1=deploy_jar,runtimeClasspath,testRuntimeClasspath
io.grpc:grpc-netty-shaded:1.68.1=deploy_jar,runtimeClasspath,testRuntimeClasspath
io.grpc:grpc-netty:1.66.0=deploy_jar,runtimeClasspath,testRuntimeClasspath
io.grpc:grpc-protobuf-lite:1.68.1=deploy_jar,runtimeClasspath,testRuntimeClasspath
io.grpc:grpc-protobuf:1.68.1=deploy_jar,runtimeClasspath,testRuntimeClasspath
io.grpc:grpc-rls:1.66.0=deploy_jar,runtimeClasspath,testRuntimeClasspath
io.grpc:grpc-s2a:1.68.1=deploy_jar,runtimeClasspath,testRuntimeClasspath
io.grpc:grpc-services:1.68.1=deploy_jar,runtimeClasspath,testRuntimeClasspath
io.grpc:grpc-stub:1.68.1=deploy_jar,runtimeClasspath,testRuntimeClasspath
io.grpc:grpc-util:1.68.1=deploy_jar,runtimeClasspath,testRuntimeClasspath
io.grpc:grpc-xds:1.68.1=deploy_jar,runtimeClasspath,testRuntimeClasspath
io.netty:netty-buffer:4.1.100.Final=deploy_jar,runtimeClasspath,testRuntimeClasspath
io.netty:netty-codec-http2:4.1.100.Final=deploy_jar,runtimeClasspath,testRuntimeClasspath
io.netty:netty-codec-http:4.1.100.Final=deploy_jar,runtimeClasspath,testRuntimeClasspath
io.netty:netty-codec-socks:4.1.100.Final=deploy_jar,runtimeClasspath,testRuntimeClasspath
io.netty:netty-codec:4.1.100.Final=deploy_jar,runtimeClasspath,testRuntimeClasspath
io.netty:netty-common:4.1.100.Final=deploy_jar,runtimeClasspath,testRuntimeClasspath
io.netty:netty-handler-proxy:4.1.100.Final=deploy_jar,runtimeClasspath,testRuntimeClasspath
io.netty:netty-handler:4.1.100.Final=deploy_jar,runtimeClasspath,testRuntimeClasspath
io.netty:netty-resolver:4.1.100.Final=deploy_jar,runtimeClasspath,testRuntimeClasspath
io.netty:netty-tcnative-boringssl-static:2.0.52.Final=deploy_jar,runtimeClasspath,testRuntimeClasspath
io.netty:netty-tcnative-classes:2.0.52.Final=deploy_jar,runtimeClasspath,testRuntimeClasspath
io.netty:netty-transport-native-unix-common:4.1.100.Final=deploy_jar,runtimeClasspath,testRuntimeClasspath
io.netty:netty-transport:4.1.100.Final=deploy_jar,runtimeClasspath,testRuntimeClasspath
io.opencensus:opencensus-api:0.31.1=deploy_jar,runtimeClasspath,testRuntimeClasspath
io.opencensus:opencensus-contrib-exemplar-util:0.31.0=deploy_jar,runtimeClasspath,testRuntimeClasspath
io.opencensus:opencensus-contrib-grpc-metrics:0.31.1=deploy_jar,runtimeClasspath,testRuntimeClasspath
io.opencensus:opencensus-contrib-grpc-util:0.31.1=deploy_jar,runtimeClasspath,testRuntimeClasspath
io.opencensus:opencensus-contrib-http-util:0.31.1=deploy_jar,runtimeClasspath,testRuntimeClasspath
io.opencensus:opencensus-contrib-resource-util:0.31.0=deploy_jar,runtimeClasspath,testRuntimeClasspath
io.opencensus:opencensus-exporter-metrics-util:0.31.0=deploy_jar,runtimeClasspath,testRuntimeClasspath
io.opencensus:opencensus-exporter-stats-stackdriver:0.31.0=deploy_jar,runtimeClasspath,testRuntimeClasspath
io.opencensus:opencensus-impl-core:0.31.0=deploy_jar,runtimeClasspath,testRuntimeClasspath
io.opencensus:opencensus-impl:0.31.0=deploy_jar,runtimeClasspath,testRuntimeClasspath
io.opencensus:opencensus-proto:0.2.0=deploy_jar,runtimeClasspath,testRuntimeClasspath
io.opentelemetry.instrumentation:opentelemetry-grpc-1.6:2.1.0-alpha=deploy_jar,runtimeClasspath,testRuntimeClasspath
io.opentelemetry.instrumentation:opentelemetry-instrumentation-api-incubator:2.1.0-alpha=deploy_jar,runtimeClasspath,testRuntimeClasspath
io.opentelemetry.instrumentation:opentelemetry-instrumentation-api:2.1.0=deploy_jar,runtimeClasspath,testRuntimeClasspath
io.opentelemetry.semconv:opentelemetry-semconv:1.23.1-alpha=deploy_jar,runtimeClasspath,testRuntimeClasspath
io.opentelemetry:opentelemetry-api-incubator:1.41.0-alpha=deploy_jar,runtimeClasspath,testRuntimeClasspath
io.opentelemetry:opentelemetry-api:1.41.0=deploy_jar,runtimeClasspath,testRuntimeClasspath
io.opentelemetry:opentelemetry-context:1.41.0=deploy_jar,runtimeClasspath,testRuntimeClasspath
io.opentelemetry:opentelemetry-extension-incubator:1.35.0-alpha=deploy_jar,runtimeClasspath,testRuntimeClasspath
io.opentelemetry:opentelemetry-sdk-common:1.41.0=deploy_jar,runtimeClasspath,testRuntimeClasspath
io.opentelemetry:opentelemetry-sdk-logs:1.41.0=deploy_jar,runtimeClasspath,testRuntimeClasspath
io.opentelemetry:opentelemetry-sdk-metrics:1.41.0=deploy_jar,runtimeClasspath,testRuntimeClasspath
io.opentelemetry:opentelemetry-sdk-trace:1.41.0=deploy_jar,runtimeClasspath,testRuntimeClasspath
io.opentelemetry:opentelemetry-sdk:1.41.0=deploy_jar,runtimeClasspath,testRuntimeClasspath
io.outfoxx:swiftpoet:1.3.1=deploy_jar,runtimeClasspath,testRuntimeClasspath
io.perfmark:perfmark-api:0.27.0=deploy_jar,runtimeClasspath,testRuntimeClasspath
io.smallrye:jandex:3.1.2=deploy_jar,runtimeClasspath,testRuntimeClasspath
jakarta-regexp:jakarta-regexp:1.4=deploy_jar,runtimeClasspath,testRuntimeClasspath
jakarta.activation:jakarta.activation-api:2.1.3=deploy_jar,runtimeClasspath,testRuntimeClasspath
jakarta.inject:jakarta.inject-api:1.0.5=deploy_jar,runtimeClasspath,testRuntimeClasspath
jakarta.mail:jakarta.mail-api:2.1.3=deploy_jar,runtimeClasspath,testRuntimeClasspath
jakarta.persistence:jakarta.persistence-api:3.2.0=deploy_jar,runtimeClasspath,testRuntimeClasspath
jakarta.servlet:jakarta.servlet-api:6.1.0=deploy_jar,runtimeClasspath,testRuntimeClasspath
jakarta.transaction:jakarta.transaction-api:2.0.1=deploy_jar,runtimeClasspath,testRuntimeClasspath
jakarta.xml.bind:jakarta.xml.bind-api:4.0.2=deploy_jar,runtimeClasspath,testRuntimeClasspath
javax.annotation:javax.annotation-api:1.3.2=deploy_jar,runtimeClasspath,testRuntimeClasspath
javax.annotation:jsr250-api:1.0=deploy_jar,runtimeClasspath,testRuntimeClasspath
javax.inject:javax.inject:1=annotationProcessor,deploy_jar,errorprone,runtimeClasspath,testAnnotationProcessor,testRuntimeClasspath
javax.jdo:jdo2-api:2.3-20090302111651=deploy_jar,runtimeClasspath,testRuntimeClasspath
javax.validation:validation-api:1.0.0.GA=deploy_jar,runtimeClasspath,testRuntimeClasspath
joda-time:joda-time:2.12.7=deploy_jar,runtimeClasspath,testRuntimeClasspath
junit:junit:4.13.2=testRuntimeClasspath
net.bytebuddy:byte-buddy:1.14.15=deploy_jar,runtimeClasspath,testRuntimeClasspath
net.java.dev.jna:jna:5.13.0=deploy_jar,runtimeClasspath,testRuntimeClasspath
net.sf.saxon:Saxon-HE:10.6=checkstyle
org.abego.treelayout:org.abego.treelayout.core:1.0.3=deploy_jar,runtimeClasspath,testRuntimeClasspath
org.antlr:ST4:4.3.4=deploy_jar,runtimeClasspath,testRuntimeClasspath
org.antlr:antlr-runtime:3.5.3=deploy_jar,runtimeClasspath,testRuntimeClasspath
org.antlr:antlr4-runtime:4.13.2=deploy_jar,runtimeClasspath,testRuntimeClasspath
org.antlr:antlr4-runtime:4.9.3=checkstyle
org.antlr:antlr4:4.13.2=deploy_jar,runtimeClasspath,testRuntimeClasspath
org.apache.arrow:arrow-format:15.0.2=deploy_jar,runtimeClasspath,testRuntimeClasspath
org.apache.arrow:arrow-memory-core:15.0.2=deploy_jar,runtimeClasspath,testRuntimeClasspath
org.apache.arrow:arrow-vector:15.0.2=deploy_jar,runtimeClasspath,testRuntimeClasspath
org.apache.avro:avro:1.12.0=deploy_jar,runtimeClasspath,testRuntimeClasspath
org.apache.beam:beam-model-fn-execution:2.61.0=deploy_jar,runtimeClasspath,testRuntimeClasspath
org.apache.beam:beam-model-job-management:2.61.0=deploy_jar,runtimeClasspath,testRuntimeClasspath
org.apache.beam:beam-model-pipeline:2.61.0=deploy_jar,runtimeClasspath,testRuntimeClasspath
org.apache.beam:beam-runners-core-java:2.61.0=deploy_jar,runtimeClasspath,testRuntimeClasspath
org.apache.beam:beam-runners-google-cloud-dataflow-java:2.61.0=deploy_jar,runtimeClasspath,testRuntimeClasspath
org.apache.beam:beam-runners-java-fn-execution:2.61.0=deploy_jar,runtimeClasspath,testRuntimeClasspath
org.apache.beam:beam-sdks-java-core:2.61.0=deploy_jar,runtimeClasspath,testRuntimeClasspath
org.apache.beam:beam-sdks-java-expansion-service:2.61.0=deploy_jar,runtimeClasspath,testRuntimeClasspath
org.apache.beam:beam-sdks-java-extensions-arrow:2.61.0=deploy_jar,runtimeClasspath,testRuntimeClasspath
org.apache.beam:beam-sdks-java-extensions-avro:2.61.0=deploy_jar,runtimeClasspath,testRuntimeClasspath
org.apache.beam:beam-sdks-java-extensions-google-cloud-platform-core:2.61.0=deploy_jar,runtimeClasspath,testRuntimeClasspath
org.apache.beam:beam-sdks-java-extensions-protobuf:2.61.0=deploy_jar,runtimeClasspath,testRuntimeClasspath
org.apache.beam:beam-sdks-java-harness:2.61.0=deploy_jar,runtimeClasspath,testRuntimeClasspath
org.apache.beam:beam-sdks-java-io-google-cloud-platform:2.61.0=deploy_jar,runtimeClasspath,testRuntimeClasspath
org.apache.beam:beam-sdks-java-transform-service-launcher:2.61.0=deploy_jar,runtimeClasspath,testRuntimeClasspath
org.apache.beam:beam-vendor-grpc-1_60_1:0.3=deploy_jar,runtimeClasspath,testRuntimeClasspath
org.apache.beam:beam-vendor-guava-32_1_2-jre:0.1=deploy_jar,runtimeClasspath,testRuntimeClasspath
org.apache.commons:commons-compress:1.26.2=deploy_jar,runtimeClasspath,testRuntimeClasspath
org.apache.commons:commons-csv:1.12.0=deploy_jar,runtimeClasspath,testRuntimeClasspath
org.apache.commons:commons-lang3:3.14.0=deploy_jar,runtimeClasspath,testRuntimeClasspath
org.apache.httpcomponents:httpclient:4.5.14=deploy_jar,runtimeClasspath,testRuntimeClasspath
org.apache.httpcomponents:httpcore:4.4.16=deploy_jar,runtimeClasspath,testRuntimeClasspath
org.bouncycastle:bcpg-jdk18on:1.79=deploy_jar,runtimeClasspath,testRuntimeClasspath
org.bouncycastle:bcpkix-jdk18on:1.79=deploy_jar,runtimeClasspath,testRuntimeClasspath
org.bouncycastle:bcprov-jdk18on:1.79=deploy_jar,runtimeClasspath,testRuntimeClasspath
org.bouncycastle:bcutil-jdk18on:1.79=deploy_jar,runtimeClasspath,testRuntimeClasspath
org.checkerframework:checker-compat-qual:2.5.6=deploy_jar,runtimeClasspath,testRuntimeClasspath
org.checkerframework:checker-qual:3.12.0=checkstyle
org.checkerframework:checker-qual:3.33.0=annotationProcessor,errorprone,testAnnotationProcessor
org.checkerframework:checker-qual:3.47.0=deploy_jar,runtimeClasspath,testRuntimeClasspath
org.codehaus.mojo:animal-sniffer-annotations:1.24=deploy_jar,runtimeClasspath,testRuntimeClasspath
org.conscrypt:conscrypt-openjdk-uber:2.5.2=deploy_jar,runtimeClasspath,testRuntimeClasspath
org.eclipse.angus:angus-activation:2.0.2=deploy_jar,runtimeClasspath,testRuntimeClasspath
org.eclipse.angus:jakarta.mail:2.0.3=deploy_jar,runtimeClasspath,testRuntimeClasspath
org.eclipse.collections:eclipse-collections-api:11.1.0=deploy_jar,runtimeClasspath,testRuntimeClasspath
org.eclipse.collections:eclipse-collections:11.1.0=deploy_jar,runtimeClasspath,testRuntimeClasspath
org.flywaydb:flyway-core:11.0.1=deploy_jar,runtimeClasspath,testRuntimeClasspath
org.flywaydb:flyway-database-postgresql:11.0.1=deploy_jar,runtimeClasspath,testRuntimeClasspath
org.glassfish.jaxb:jaxb-core:4.0.2=deploy_jar,runtimeClasspath,testRuntimeClasspath
org.glassfish.jaxb:jaxb-runtime:4.0.2=deploy_jar,runtimeClasspath,testRuntimeClasspath
org.glassfish.jaxb:txw2:4.0.2=deploy_jar,runtimeClasspath,testRuntimeClasspath
org.gwtproject:gwt-user:2.10.0=deploy_jar,runtimeClasspath,testRuntimeClasspath
org.hamcrest:hamcrest-core:1.3=testRuntimeClasspath
org.hamcrest:hamcrest:2.1=deploy_jar,runtimeClasspath,testRuntimeClasspath
org.hibernate.common:hibernate-commons-annotations:6.0.6.Final=deploy_jar,runtimeClasspath,testRuntimeClasspath
org.hibernate.orm:hibernate-ant:6.5.3.Final=deploy_jar,runtimeClasspath,testRuntimeClasspath
org.hibernate.orm:hibernate-core:6.5.3.Final=deploy_jar,runtimeClasspath,testRuntimeClasspath
org.hibernate.orm:hibernate-hikaricp:6.5.3.Final=deploy_jar,runtimeClasspath,testRuntimeClasspath
org.jacoco:org.jacoco.agent:0.8.12=jacocoAgent,jacocoAnt
org.jacoco:org.jacoco.ant:0.8.12=jacocoAnt
org.jacoco:org.jacoco.core:0.8.12=jacocoAnt
org.jacoco:org.jacoco.report:0.8.12=jacocoAnt
org.javassist:javassist:3.28.0-GA=checkstyle
org.jboss.logging:jboss-logging:3.5.0.Final=deploy_jar,runtimeClasspath,testRuntimeClasspath
org.jcommander:jcommander:2.0=deploy_jar,runtimeClasspath,testRuntimeClasspath
org.jetbrains.kotlin:kotlin-bom:1.4.0=deploy_jar,runtimeClasspath,testRuntimeClasspath
org.jetbrains.kotlin:kotlin-reflect:1.9.20=deploy_jar,runtimeClasspath,testRuntimeClasspath
org.jetbrains.kotlin:kotlin-stdlib-common:1.9.20=deploy_jar,runtimeClasspath,testRuntimeClasspath
org.jetbrains.kotlin:kotlin-stdlib-jdk7:1.9.10=deploy_jar,runtimeClasspath,testRuntimeClasspath
org.jetbrains.kotlin:kotlin-stdlib-jdk8:1.9.10=deploy_jar,runtimeClasspath,testRuntimeClasspath
org.jetbrains.kotlin:kotlin-stdlib:1.9.20=deploy_jar,runtimeClasspath,testRuntimeClasspath
org.jetbrains.kotlinx:kotlinx-coroutines-core-jvm:1.5.2=deploy_jar,runtimeClasspath,testRuntimeClasspath
org.jetbrains.kotlinx:kotlinx-coroutines-core:1.5.2=deploy_jar,runtimeClasspath,testRuntimeClasspath
org.jetbrains.kotlinx:kotlinx-datetime-jvm:0.4.0=deploy_jar,runtimeClasspath,testRuntimeClasspath
org.jetbrains.kotlinx:kotlinx-datetime:0.4.0=deploy_jar,runtimeClasspath,testRuntimeClasspath
org.jetbrains.kotlinx:kotlinx-serialization-core-jvm:1.0.1=deploy_jar,runtimeClasspath,testRuntimeClasspath
org.jetbrains.kotlinx:kotlinx-serialization-core:1.0.1=deploy_jar,runtimeClasspath,testRuntimeClasspath
org.jetbrains:annotations:17.0.0=deploy_jar,runtimeClasspath,testRuntimeClasspath
org.jline:jline:3.27.1=deploy_jar,runtimeClasspath,testRuntimeClasspath
org.joda:joda-money:2.0.0=deploy_jar,runtimeClasspath,testRuntimeClasspath
org.json:json:20240303=deploy_jar,runtimeClasspath,testRuntimeClasspath
org.jsoup:jsoup:1.18.3=deploy_jar,runtimeClasspath,testRuntimeClasspath
org.jspecify:jspecify:0.3.0=deploy_jar,runtimeClasspath,testRuntimeClasspath
org.ogce:xpp3:1.1.6=deploy_jar,runtimeClasspath,testRuntimeClasspath
org.ow2.asm:asm-analysis:9.5=deploy_jar,runtimeClasspath,testRuntimeClasspath
org.ow2.asm:asm-commons:9.5=deploy_jar,runtimeClasspath,testRuntimeClasspath
org.ow2.asm:asm-commons:9.7=jacocoAnt
org.ow2.asm:asm-tree:9.5=deploy_jar,runtimeClasspath,testRuntimeClasspath
org.ow2.asm:asm-tree:9.7=jacocoAnt
org.ow2.asm:asm-util:9.5=deploy_jar,runtimeClasspath,testRuntimeClasspath
org.ow2.asm:asm:9.7=deploy_jar,jacocoAnt,runtimeClasspath,testRuntimeClasspath
org.pcollections:pcollections:3.1.4=annotationProcessor,errorprone,testAnnotationProcessor
org.postgresql:postgresql:42.7.4=deploy_jar,runtimeClasspath,testRuntimeClasspath
org.reflections:reflections:0.10.2=checkstyle
org.rnorth.duct-tape:duct-tape:1.0.8=deploy_jar,runtimeClasspath,testRuntimeClasspath
org.slf4j:slf4j-api:2.0.16=deploy_jar,runtimeClasspath,testRuntimeClasspath
org.slf4j:slf4j-jdk14:2.0.16=deploy_jar,runtimeClasspath,testRuntimeClasspath
org.snakeyaml:snakeyaml-engine:2.1=deploy_jar,runtimeClasspath,testRuntimeClasspath
org.testcontainers:database-commons:1.20.4=deploy_jar,runtimeClasspath,testRuntimeClasspath
org.testcontainers:jdbc:1.20.4=deploy_jar,runtimeClasspath,testRuntimeClasspath
org.testcontainers:postgresql:1.20.4=deploy_jar,runtimeClasspath,testRuntimeClasspath
org.testcontainers:testcontainers:1.20.4=deploy_jar,runtimeClasspath,testRuntimeClasspath
org.threeten:threetenbp:1.7.0=deploy_jar,runtimeClasspath,testRuntimeClasspath
org.w3c.css:sac:1.3=deploy_jar,runtimeClasspath,testRuntimeClasspath
org.xerial.snappy:snappy-java:1.1.10.4=deploy_jar,runtimeClasspath,testRuntimeClasspath
org.yaml:snakeyaml:2.3=deploy_jar,runtimeClasspath,testRuntimeClasspath
us.fatehi:schemacrawler-api:16.23.2=deploy_jar,runtimeClasspath,testRuntimeClasspath
us.fatehi:schemacrawler-diagram:16.23.2=deploy_jar,runtimeClasspath,testRuntimeClasspath
us.fatehi:schemacrawler-loader:16.23.2=deploy_jar,runtimeClasspath,testRuntimeClasspath
us.fatehi:schemacrawler-postgresql:16.23.2=deploy_jar,runtimeClasspath,testRuntimeClasspath
us.fatehi:schemacrawler-text:16.23.2=deploy_jar,runtimeClasspath,testRuntimeClasspath
us.fatehi:schemacrawler-tools:16.23.2=deploy_jar,runtimeClasspath,testRuntimeClasspath
us.fatehi:schemacrawler-utility:16.23.2=deploy_jar,runtimeClasspath,testRuntimeClasspath
us.fatehi:schemacrawler:16.23.2=deploy_jar,runtimeClasspath,testRuntimeClasspath
xerces:xmlParserAPIs:2.6.2=deploy_jar,runtimeClasspath,testRuntimeClasspath
empty=compileClasspath,providedCompile,providedRuntime,testCompileClasspath
